
Microsoft Visual Studio Solution File, Format Version 12.00
# Visual Studio Version 17
VisualStudioVersion = 17.9.34728.123
MinimumVisualStudioVersion = 10.0.40219.1
Project("{2150E333-8FDC-42A3-9474-1A3956D46DE8}") = "Operarors", "Operarors", "{D1FBDEAD-4556-40FD-B836-77170BBB8430}"
EndProject
Project("{9A19103F-16F7-4668-BE54-9A1E7A4F7556}") = "Conversation", "OpenLessonLinq\Conversation\Conversation.csproj", "{5B72F3F1-1CDE-41F0-9FC6-C4864F87A5C6}"
EndProject
Project("{9A19103F-16F7-4668-BE54-9A1E7A4F7556}") = "Filters", "OpenLessonLinq\Filters\Filters.csproj", "{925B12DB-1324-4C45-9390-2C8D992FB861}"
EndProject
Project("{9A19103F-16F7-4668-BE54-9A1E7A4F7556}") = "Grouping", "OpenLessonLinq\Grouping\Grouping.csproj", "{6E858A3C-45DD-4581-ADA8-0CDA80CF627F}"
EndProject
Project("{9A19103F-16F7-4668-BE54-9A1E7A4F7556}") = "Joins", "OpenLessonLinq\Joins\Joins.csproj", "{DABD152B-A67D-4457-824C-9B8D79EBCCC7}"
EndProject
Project("{9A19103F-16F7-4668-BE54-9A1E7A4F7556}") = "Partitioning", "OpenLessonLinq\Partitioning\Partitioning.csproj", "{C4B2A8BA-B1B0-402C-8533-9ED6FB66EB79}"
EndProject
Project("{9A19103F-16F7-4668-BE54-9A1E7A4F7556}") = "Projection", "OpenLessonLinq\Projection\Projection.csproj", "{AD331FAF-CA07-41F3-899A-276B0B0F8384}"
EndProject
Project("{9A19103F-16F7-4668-BE54-9A1E7A4F7556}") = "Quantifier", "OpenLessonLinq\Quantifier\Quantifier.csproj", "{67FC6F7F-26D6-46A5-A20E-9C2C66E3A594}"
EndProject
Project("{9A19103F-16F7-4668-BE54-9A1E7A4F7556}") = "SetOperations", "OpenLessonLinq\SetOperations\SetOperations.csproj", "{C15B2E30-215A-41B2-B376-E32416EEBFE6}"
EndProject
Project("{9A19103F-16F7-4668-BE54-9A1E7A4F7556}") = "Sorting", "OpenLessonLinq\Sorting\Sorting.csproj", "{13156023-2531-448E-BAA5-6BB06F5431E7}"
EndProject
Project("{2150E333-8FDC-42A3-9474-1A3956D46DE8}") = "Providers", "Providers", "{A70EAC74-9725-4626-9CC5-065C483E58D9}"
EndProject
Project("{9A19103F-16F7-4668-BE54-9A1E7A4F7556}") = "LinqCollections", "OpenLessonLinq\LinqCollections\LinqCollections.csproj", "{650202AD-45C1-48C1-B585-FC03695C83A7}"
EndProject
Project("{9A19103F-16F7-4668-BE54-9A1E7A4F7556}") = "LinqEF", "OpenLessonLinq\LinqEF\LinqEF.csproj", "{BDD2DE0E-DA18-4AEA-A62C-F902A9C69375}"
EndProject
Project("{9A19103F-16F7-4668-BE54-9A1E7A4F7556}") = "LinqXML", "OpenLessonLinq\LinqXML\LinqXML.csproj", "{E4007929-BAC9-4E59-8557-C7072667DB92}"
EndProject
Project("{9A19103F-16F7-4668-BE54-9A1E7A4F7556}") = "ParallellLinq", "OpenLessonLinq\ParallellLinq\ParallellLinq.csproj", "{EEC6D076-61E3-42DE-8DFF-0E1F6F20BE04}"
EndProject
Project("{2150E333-8FDC-42A3-9474-1A3956D46DE8}") = "TwoSyntax", "TwoSyntax", "{9A60A55D-1C74-4502-B7AC-5EB9F488CB46}"
EndProject
Project("{9A19103F-16F7-4668-BE54-9A1E7A4F7556}") = "LinqDeclarativeExamples", "OpenLessonLinq\LinqExamples\LinqDeclarativeExamples.csproj", "{FC2F5E76-9874-4784-BDBE-231120783D2E}"
EndProject
Project("{9A19103F-16F7-4668-BE54-9A1E7A4F7556}") = "LinqUndeclarativeExamples", "OpenLessonLinq\LinqExtExamples\LinqUndeclarativeExamples.csproj", "{43C47DC4-60A6-452D-B628-198E7A2294F8}"
EndProject
Project("{2150E333-8FDC-42A3-9474-1A3956D46DE8}") = "Bonus", "Bonus", "{F4D367C4-9E75-4648-9C59-A21AA0592E3B}"
EndProject
Project("{2150E333-8FDC-42A3-9474-1A3956D46DE8}") = "OperatorsNotStandart", "OperatorsNotStandart", "{8C465824-8AF7-4E2D-B953-84406F1DB593}"
EndProject
Project("{9A19103F-16F7-4668-BE54-9A1E7A4F7556}") = "UniqueOperators", "OpenLessonLinq\UniqueOperators\UniqueOperators.csproj", "{EA05EAEC-A7CF-4296-BBFF-B5E19436B656}"
EndProject
Project("{9A19103F-16F7-4668-BE54-9A1E7A4F7556}") = "Aggregate", "OpenLessonLinq\Aggregate\Aggregate.csproj", "{8A4E5737-6712-44BD-BD38-A86EFEFA99F2}"
EndProject
Project("{2150E333-8FDC-42A3-9474-1A3956D46DE8}") = "DefferedImmediate", "DefferedImmediate", "{48CAA5F5-16B6-4275-BD6B-673184FCE7C3}"
EndProject
Project("{9A19103F-16F7-4668-BE54-9A1E7A4F7556}") = "Bonus", "OpenLessonLinq\Bonus\Bonus.csproj", "{EB8AD797-EA6B-48E7-9CF0-AA28F010F9F1}"
EndProject
Project("{9A19103F-16F7-4668-BE54-9A1E7A4F7556}") = "ImmediateDeferred", "OpenLessonLinq\ImmediateDeferred\ImmediateDeferred.csproj", "{158C724C-6585-48D8-9EFF-5B85A14F46D7}"
EndProject
Global
	GlobalSection(SolutionConfigurationPlatforms) = preSolution
		Debug|Any CPU = Debug|Any CPU
		Release|Any CPU = Release|Any CPU
	EndGlobalSection
	GlobalSection(ProjectConfigurationPlatforms) = postSolution
		{5B72F3F1-1CDE-41F0-9FC6-C4864F87A5C6}.Debug|Any CPU.ActiveCfg = Debug|Any CPU
		{5B72F3F1-1CDE-41F0-9FC6-C4864F87A5C6}.Debug|Any CPU.Build.0 = Debug|Any CPU
		{5B72F3F1-1CDE-41F0-9FC6-C4864F87A5C6}.Release|Any CPU.ActiveCfg = Release|Any CPU
		{5B72F3F1-1CDE-41F0-9FC6-C4864F87A5C6}.Release|Any CPU.Build.0 = Release|Any CPU
		{925B12DB-1324-4C45-9390-2C8D992FB861}.Debug|Any CPU.ActiveCfg = Debug|Any CPU
		{925B12DB-1324-4C45-9390-2C8D992FB861}.Debug|Any CPU.Build.0 = Debug|Any CPU
		{925B12DB-1324-4C45-9390-2C8D992FB861}.Release|Any CPU.ActiveCfg = Release|Any CPU
		{925B12DB-1324-4C45-9390-2C8D992FB861}.Release|Any CPU.Build.0 = Release|Any CPU
		{6E858A3C-45DD-4581-ADA8-0CDA80CF627F}.Debug|Any CPU.ActiveCfg = Debug|Any CPU
		{6E858A3C-45DD-4581-ADA8-0CDA80CF627F}.Debug|Any CPU.Build.0 = Debug|Any CPU
		{6E858A3C-45DD-4581-ADA8-0CDA80CF627F}.Release|Any CPU.ActiveCfg = Release|Any CPU
		{6E858A3C-45DD-4581-ADA8-0CDA80CF627F}.Release|Any CPU.Build.0 = Release|Any CPU
		{DABD152B-A67D-4457-824C-9B8D79EBCCC7}.Debug|Any CPU.ActiveCfg = Debug|Any CPU
		{DABD152B-A67D-4457-824C-9B8D79EBCCC7}.Debug|Any CPU.Build.0 = Debug|Any CPU
		{DABD152B-A67D-4457-824C-9B8D79EBCCC7}.Release|Any CPU.ActiveCfg = Release|Any CPU
		{DABD152B-A67D-4457-824C-9B8D79EBCCC7}.Release|Any CPU.Build.0 = Release|Any CPU
		{C4B2A8BA-B1B0-402C-8533-9ED6FB66EB79}.Debug|Any CPU.ActiveCfg = Debug|Any CPU
		{C4B2A8BA-B1B0-402C-8533-9ED6FB66EB79}.Debug|Any CPU.Build.0 = Debug|Any CPU
		{C4B2A8BA-B1B0-402C-8533-9ED6FB66EB79}.Release|Any CPU.ActiveCfg = Release|Any CPU
		{C4B2A8BA-B1B0-402C-8533-9ED6FB66EB79}.Release|Any CPU.Build.0 = Release|Any CPU
		{AD331FAF-CA07-41F3-899A-276B0B0F8384}.Debug|Any CPU.ActiveCfg = Debug|Any CPU
		{AD331FAF-CA07-41F3-899A-276B0B0F8384}.Debug|Any CPU.Build.0 = Debug|Any CPU
		{AD331FAF-CA07-41F3-899A-276B0B0F8384}.Release|Any CPU.ActiveCfg = Release|Any CPU
		{AD331FAF-CA07-41F3-899A-276B0B0F8384}.Release|Any CPU.Build.0 = Release|Any CPU
		{67FC6F7F-26D6-46A5-A20E-9C2C66E3A594}.Debug|Any CPU.ActiveCfg = Debug|Any CPU
		{67FC6F7F-26D6-46A5-A20E-9C2C66E3A594}.Debug|Any CPU.Build.0 = Debug|Any CPU
		{67FC6F7F-26D6-46A5-A20E-9C2C66E3A594}.Release|Any CPU.ActiveCfg = Release|Any CPU
		{67FC6F7F-26D6-46A5-A20E-9C2C66E3A594}.Release|Any CPU.Build.0 = Release|Any CPU
		{C15B2E30-215A-41B2-B376-E32416EEBFE6}.Debug|Any CPU.ActiveCfg = Debug|Any CPU
		{C15B2E30-215A-41B2-B376-E32416EEBFE6}.Debug|Any CPU.Build.0 = Debug|Any CPU
		{C15B2E30-215A-41B2-B376-E32416EEBFE6}.Release|Any CPU.ActiveCfg = Release|Any CPU
		{C15B2E30-215A-41B2-B376-E32416EEBFE6}.Release|Any CPU.Build.0 = Release|Any CPU
		{13156023-2531-448E-BAA5-6BB06F5431E7}.Debug|Any CPU.ActiveCfg = Debug|Any CPU
		{13156023-2531-448E-BAA5-6BB06F5431E7}.Debug|Any CPU.Build.0 = Debug|Any CPU
		{13156023-2531-448E-BAA5-6BB06F5431E7}.Release|Any CPU.ActiveCfg = Release|Any CPU
		{13156023-2531-448E-BAA5-6BB06F5431E7}.Release|Any CPU.Build.0 = Release|Any CPU
		{650202AD-45C1-48C1-B585-FC03695C83A7}.Debug|Any CPU.ActiveCfg = Debug|Any CPU
		{650202AD-45C1-48C1-B585-FC03695C83A7}.Debug|Any CPU.Build.0 = Debug|Any CPU
		{650202AD-45C1-48C1-B585-FC03695C83A7}.Release|Any CPU.ActiveCfg = Release|Any CPU
		{650202AD-45C1-48C1-B585-FC03695C83A7}.Release|Any CPU.Build.0 = Release|Any CPU
		{BDD2DE0E-DA18-4AEA-A62C-F902A9C69375}.Debug|Any CPU.ActiveCfg = Debug|Any CPU
		{BDD2DE0E-DA18-4AEA-A62C-F902A9C69375}.Debug|Any CPU.Build.0 = Debug|Any CPU
		{BDD2DE0E-DA18-4AEA-A62C-F902A9C69375}.Release|Any CPU.ActiveCfg = Release|Any CPU
		{BDD2DE0E-DA18-4AEA-A62C-F902A9C69375}.Release|Any CPU.Build.0 = Release|Any CPU
		{E4007929-BAC9-4E59-8557-C7072667DB92}.Debug|Any CPU.ActiveCfg = Debug|Any CPU
		{E4007929-BAC9-4E59-8557-C7072667DB92}.Debug|Any CPU.Build.0 = Debug|Any CPU
		{E4007929-BAC9-4E59-8557-C7072667DB92}.Release|Any CPU.ActiveCfg = Release|Any CPU
		{E4007929-BAC9-4E59-8557-C7072667DB92}.Release|Any CPU.Build.0 = Release|Any CPU
		{EEC6D076-61E3-42DE-8DFF-0E1F6F20BE04}.Debug|Any CPU.ActiveCfg = Debug|Any CPU
		{EEC6D076-61E3-42DE-8DFF-0E1F6F20BE04}.Debug|Any CPU.Build.0 = Debug|Any CPU
		{EEC6D076-61E3-42DE-8DFF-0E1F6F20BE04}.Release|Any CPU.ActiveCfg = Release|Any CPU
		{EEC6D076-61E3-42DE-8DFF-0E1F6F20BE04}.Release|Any CPU.Build.0 = Release|Any CPU
		{FC2F5E76-9874-4784-BDBE-231120783D2E}.Debug|Any CPU.ActiveCfg = Debug|Any CPU
		{FC2F5E76-9874-4784-BDBE-231120783D2E}.Debug|Any CPU.Build.0 = Debug|Any CPU
		{FC2F5E76-9874-4784-BDBE-231120783D2E}.Release|Any CPU.ActiveCfg = Release|Any CPU
		{FC2F5E76-9874-4784-BDBE-231120783D2E}.Release|Any CPU.Build.0 = Release|Any CPU
		{43C47DC4-60A6-452D-B628-198E7A2294F8}.Debug|Any CPU.ActiveCfg = Debug|Any CPU
		{43C47DC4-60A6-452D-B628-198E7A2294F8}.Debug|Any CPU.Build.0 = Debug|Any CPU
		{43C47DC4-60A6-452D-B628-198E7A2294F8}.Release|Any CPU.ActiveCfg = Release|Any CPU
		{43C47DC4-60A6-452D-B628-198E7A2294F8}.Release|Any CPU.Build.0 = Release|Any CPU
		{EA05EAEC-A7CF-4296-BBFF-B5E19436B656}.Debug|Any CPU.ActiveCfg = Debug|Any CPU
		{EA05EAEC-A7CF-4296-BBFF-B5E19436B656}.Debug|Any CPU.Build.0 = Debug|Any CPU
		{EA05EAEC-A7CF-4296-BBFF-B5E19436B656}.Release|Any CPU.ActiveCfg = Release|Any CPU
		{EA05EAEC-A7CF-4296-BBFF-B5E19436B656}.Release|Any CPU.Build.0 = Release|Any CPU
		{8A4E5737-6712-44BD-BD38-A86EFEFA99F2}.Debug|Any CPU.ActiveCfg = Debug|Any CPU
		{8A4E5737-6712-44BD-BD38-A86EFEFA99F2}.Debug|Any CPU.Build.0 = Debug|Any CPU
		{8A4E5737-6712-44BD-BD38-A86EFEFA99F2}.Release|Any CPU.ActiveCfg = Release|Any CPU
		{8A4E5737-6712-44BD-BD38-A86EFEFA99F2}.Release|Any CPU.Build.0 = Release|Any CPU
		{EB8AD797-EA6B-48E7-9CF0-AA28F010F9F1}.Debug|Any CPU.ActiveCfg = Debug|Any CPU
		{EB8AD797-EA6B-48E7-9CF0-AA28F010F9F1}.Debug|Any CPU.Build.0 = Debug|Any CPU
		{EB8AD797-EA6B-48E7-9CF0-AA28F010F9F1}.Release|Any CPU.ActiveCfg = Release|Any CPU
		{EB8AD797-EA6B-48E7-9CF0-AA28F010F9F1}.Release|Any CPU.Build.0 = Release|Any CPU
		{158C724C-6585-48D8-9EFF-5B85A14F46D7}.Debug|Any CPU.ActiveCfg = Debug|Any CPU
		{158C724C-6585-48D8-9EFF-5B85A14F46D7}.Debug|Any CPU.Build.0 = Debug|Any CPU
		{158C724C-6585-48D8-9EFF-5B85A14F46D7}.Release|Any CPU.ActiveCfg = Release|Any CPU
		{158C724C-6585-48D8-9EFF-5B85A14F46D7}.Release|Any CPU.Build.0 = Release|Any CPU
	EndGlobalSection
	GlobalSection(SolutionProperties) = preSolution
		HideSolutionNode = FALSE
	EndGlobalSection
	GlobalSection(NestedProjects) = preSolution
		{5B72F3F1-1CDE-41F0-9FC6-C4864F87A5C6} = {D1FBDEAD-4556-40FD-B836-77170BBB8430}
		{925B12DB-1324-4C45-9390-2C8D992FB861} = {D1FBDEAD-4556-40FD-B836-77170BBB8430}
		{6E858A3C-45DD-4581-ADA8-0CDA80CF627F} = {D1FBDEAD-4556-40FD-B836-77170BBB8430}
		{DABD152B-A67D-4457-824C-9B8D79EBCCC7} = {D1FBDEAD-4556-40FD-B836-77170BBB8430}
		{C4B2A8BA-B1B0-402C-8533-9ED6FB66EB79} = {D1FBDEAD-4556-40FD-B836-77170BBB8430}
		{AD331FAF-CA07-41F3-899A-276B0B0F8384} = {D1FBDEAD-4556-40FD-B836-77170BBB8430}
		{67FC6F7F-26D6-46A5-A20E-9C2C66E3A594} = {D1FBDEAD-4556-40FD-B836-77170BBB8430}
		{C15B2E30-215A-41B2-B376-E32416EEBFE6} = {D1FBDEAD-4556-40FD-B836-77170BBB8430}
		{13156023-2531-448E-BAA5-6BB06F5431E7} = {D1FBDEAD-4556-40FD-B836-77170BBB8430}
		{650202AD-45C1-48C1-B585-FC03695C83A7} = {A70EAC74-9725-4626-9CC5-065C483E58D9}
		{BDD2DE0E-DA18-4AEA-A62C-F902A9C69375} = {A70EAC74-9725-4626-9CC5-065C483E58D9}
		{E4007929-BAC9-4E59-8557-C7072667DB92} = {A70EAC74-9725-4626-9CC5-065C483E58D9}
		{EEC6D076-61E3-42DE-8DFF-0E1F6F20BE04} = {A70EAC74-9725-4626-9CC5-065C483E58D9}
		{FC2F5E76-9874-4784-BDBE-231120783D2E} = {9A60A55D-1C74-4502-B7AC-5EB9F488CB46}
		{43C47DC4-60A6-452D-B628-198E7A2294F8} = {9A60A55D-1C74-4502-B7AC-5EB9F488CB46}
		{EA05EAEC-A7CF-4296-BBFF-B5E19436B656} = {8C465824-8AF7-4E2D-B953-84406F1DB593}
		{8A4E5737-6712-44BD-BD38-A86EFEFA99F2} = {8C465824-8AF7-4E2D-B953-84406F1DB593}
		{EB8AD797-EA6B-48E7-9CF0-AA28F010F9F1} = {F4D367C4-9E75-4648-9C59-A21AA0592E3B}
		{158C724C-6585-48D8-9EFF-5B85A14F46D7} = {48CAA5F5-16B6-4275-BD6B-673184FCE7C3}
	EndGlobalSection
	GlobalSection(ExtensibilityGlobals) = postSolution
		SolutionGuid = {BFC15A1B-D697-492B-B489-F29831F7A4FB}
	EndGlobalSection
EndGlobal
